
Microsoft Visual Studio Solution File, Format Version 12.00
# Visual Studio Version 16
VisualStudioVersion = 16.0.31129.286
MinimumVisualStudioVersion = 10.0.40219.1
Project("{FAE04EC0-301F-11D3-BF4B-00C04F79EFBC}") = "cSharpMethods", "cSharpMethods.csproj", "{E9EB71C3-FEBF-4FAE-9747-DACB49DDFDF9}"
EndProject
Global
	GlobalSection(SolutionConfigurationPlatforms) = preSolution
		Debug|Any CPU = Debug|Any CPU
		Release|Any CPU = Release|Any CPU
	EndGlobalSection
	GlobalSection(ProjectConfigurationPlatforms) = postSolution
		{E9EB71C3-FEBF-4FAE-9747-DACB49DDFDF9}.Debug|Any CPU.ActiveCfg = Debug|Any CPU
		{E9EB71C3-FEBF-4FAE-9747-DACB49DDFDF9}.Debug|Any CPU.Build.0 = Debug|Any CPU
		{E9EB71C3-FEBF-4FAE-9747-DACB49DDFDF9}.Release|Any CPU.ActiveCfg = Release|Any CPU
		{E9EB71C3-FEBF-4FAE-9747-DACB49DDFDF9}.Release|Any CPU.Build.0 = Release|Any CPU
	EndGlobalSection
	GlobalSection(SolutionProperties) = preSolution
		HideSolutionNode = FALSE
	EndGlobalSection
	GlobalSection(ExtensibilityGlobals) = postSolution
		SolutionGuid = {EFE37D30-16B9-4A3E-9CD0-3688AA002043}
	EndGlobalSection
EndGlobal
